
Microsoft Visual Studio Solution File, Format Version 12.00
# Visual Studio 15
VisualStudioVersion = 15.0.27004.2005
MinimumVisualStudioVersion = 10.0.40219.1
Project("{FAE04EC0-301F-11D3-BF4B-00C04F79EFBC}") = "web1", "web1\web1.csproj", "{F60A37EE-70ED-41D8-8E30-377E0963E0E9}"
EndProject
Global
	GlobalSection(SolutionConfigurationPlatforms) = preSolution
		Debug|Any CPU = Debug|Any CPU
		Release|Any CPU = Release|Any CPU
	EndGlobalSection
	GlobalSection(ProjectConfigurationPlatforms) = postSolution
		{F60A37EE-70ED-41D8-8E30-377E0963E0E9}.Debug|Any CPU.ActiveCfg = Debug|Any CPU
		{F60A37EE-70ED-41D8-8E30-377E0963E0E9}.Debug|Any CPU.Build.0 = Debug|Any CPU
		{F60A37EE-70ED-41D8-8E30-377E0963E0E9}.Release|Any CPU.ActiveCfg = Release|Any CPU
		{F60A37EE-70ED-41D8-8E30-377E0963E0E9}.Release|Any CPU.Build.0 = Release|Any CPU
	EndGlobalSection
	GlobalSection(SolutionProperties) = preSolution
		HideSolutionNode = FALSE
	EndGlobalSection
	GlobalSection(ExtensibilityGlobals) = postSolution
		SolutionGuid = {3DA69301-F039-4BFB-AFAA-193F0D5C6D9F}
	EndGlobalSection
EndGlobal
